
Microsoft Visual Studio Solution File, Format Version 12.00
# Visual Studio Version 16
VisualStudioVersion = 16.0.30320.27
MinimumVisualStudioVersion = 10.0.40219.1
Project("{FAE04EC0-301F-11D3-BF4B-00C04F79EFBC}") = "RPGWO Server Controller", "RPGWO Server Controller\RPGWO Server Controller.csproj", "{C7B30970-B561-4CCC-A7D2-C71079502261}"
EndProject
Global
	GlobalSection(SolutionConfigurationPlatforms) = preSolution
		Debug|Any CPU = Debug|Any CPU
		Release|Any CPU = Release|Any CPU
	EndGlobalSection
	GlobalSection(ProjectConfigurationPlatforms) = postSolution
		{C7B30970-B561-4CCC-A7D2-C71079502261}.Debug|Any CPU.ActiveCfg = Debug|Any CPU
		{C7B30970-B561-4CCC-A7D2-C71079502261}.Debug|Any CPU.Build.0 = Debug|Any CPU
		{C7B30970-B561-4CCC-A7D2-C71079502261}.Release|Any CPU.ActiveCfg = Release|Any CPU
		{C7B30970-B561-4CCC-A7D2-C71079502261}.Release|Any CPU.Build.0 = Release|Any CPU
	EndGlobalSection
	GlobalSection(SolutionProperties) = preSolution
		HideSolutionNode = FALSE
	EndGlobalSection
	GlobalSection(ExtensibilityGlobals) = postSolution
		SolutionGuid = {62397957-FBD8-44B7-B0BB-F30B2E217B9B}
	EndGlobalSection
EndGlobal
